
Microsoft Visual Studio Solution File, Format Version 12.00
# Visual Studio 15
Project("{FAE04EC0-301F-11D3-BF4B-00C04F79EFBC}") = "UnityEngine.TestRunner", "UnityEngine.TestRunner.csproj", "{E2BCC782-89A9-2B02-F5AD-E4514473030C}"
EndProject
Project("{FAE04EC0-301F-11D3-BF4B-00C04F79EFBC}") = "Unity.Mathematics", "Unity.Mathematics.csproj", "{BEB3D6B3-69C7-5DCC-9604-047A9F979916}"
EndProject
Project("{FAE04EC0-301F-11D3-BF4B-00C04F79EFBC}") = "Unity.2D.Animation.Triangle.Runtime", "Unity.2D.Animation.Triangle.Runtime.csproj", "{02259C55-D7C2-E675-D5FA-0A5A1EE1FC79}"
EndProject
Project("{FAE04EC0-301F-11D3-BF4B-00C04F79EFBC}") = "Unity.Timeline", "Unity.Timeline.csproj", "{7DA55613-A328-F47D-F2FB-6E040588F1AB}"
EndProject
Project("{FAE04EC0-301F-11D3-BF4B-00C04F79EFBC}") = "UnityEngine.UI", "UnityEngine.UI.csproj", "{8BBAE849-88E1-5CDC-B64D-71784D2F072C}"
EndProject
Project("{FAE04EC0-301F-11D3-BF4B-00C04F79EFBC}") = "Unity.TextMeshPro", "Unity.TextMeshPro.csproj", "{F74F99A3-22C5-98FE-2F16-BC6117FA2D19}"
EndProject
Project("{FAE04EC0-301F-11D3-BF4B-00C04F79EFBC}") = "Unity.2D.Animation.Runtime", "Unity.2D.Animation.Runtime.csproj", "{39204C4D-AE35-1A25-F59D-9787AC135714}"
EndProject
Project("{FAE04EC0-301F-11D3-BF4B-00C04F79EFBC}") = "Unity.2D.IK.Runtime", "Unity.2D.IK.Runtime.csproj", "{662753A8-825B-30AB-EF00-CDAC4C0D9983}"
EndProject
Project("{FAE04EC0-301F-11D3-BF4B-00C04F79EFBC}") = "Unity.2D.SpriteShape.Runtime", "Unity.2D.SpriteShape.Runtime.csproj", "{B3E82ACC-CBDC-3313-722B-A3EC5983F019}"
EndProject
Project("{FAE04EC0-301F-11D3-BF4B-00C04F79EFBC}") = "Assembly-CSharp", "Assembly-CSharp.csproj", "{332B5DEE-9B6E-A78A-E151-DC05CF9196D0}"
EndProject
Project("{FAE04EC0-301F-11D3-BF4B-00C04F79EFBC}") = "Unity.2D.PixelPerfect", "Unity.2D.PixelPerfect.csproj", "{9A0015DF-43BD-758E-0589-519E0085A487}"
EndProject
Project("{FAE04EC0-301F-11D3-BF4B-00C04F79EFBC}") = "Unity.2D.Common.Runtime", "Unity.2D.Common.Runtime.csproj", "{F380F403-E559-2195-5DEC-B5CFC6A7363B}"
EndProject
Project("{FAE04EC0-301F-11D3-BF4B-00C04F79EFBC}") = "Unity.InternalAPIEngineBridge.001", "Unity.InternalAPIEngineBridge.001.csproj", "{4E925134-109B-4939-AE79-973BB0146BBC}"
EndProject
Project("{FAE04EC0-301F-11D3-BF4B-00C04F79EFBC}") = "UnityEditor.TestRunner", "UnityEditor.TestRunner.csproj", "{96F52EE5-D818-C83F-8FE1-A4272BC53EE9}"
EndProject
Project("{FAE04EC0-301F-11D3-BF4B-00C04F79EFBC}") = "Unity.PlasticSCM.Editor", "Unity.PlasticSCM.Editor.csproj", "{BC0C7E3F-CC88-4CC5-063A-B671EC774B47}"
EndProject
Project("{FAE04EC0-301F-11D3-BF4B-00C04F79EFBC}") = "UnityEditor.UI", "UnityEditor.UI.csproj", "{F6602800-C39A-A27F-83DE-19BA5996CA85}"
EndProject
Project("{FAE04EC0-301F-11D3-BF4B-00C04F79EFBC}") = "Unity.Services.Core.Editor", "Unity.Services.Core.Editor.csproj", "{BAA2636A-4C16-4A73-0267-5F51B223A659}"
EndProject
Project("{FAE04EC0-301F-11D3-BF4B-00C04F79EFBC}") = "Unity.Timeline.Editor", "Unity.Timeline.Editor.csproj", "{6544452F-34BC-4EF8-585C-D46C47E6E076}"
EndProject
Project("{FAE04EC0-301F-11D3-BF4B-00C04F79EFBC}") = "Unity.VisualStudio.Editor", "Unity.VisualStudio.Editor.csproj", "{3F6AEE50-98AE-1C3C-B00D-F2117DA7F0B1}"
EndProject
Project("{FAE04EC0-301F-11D3-BF4B-00C04F79EFBC}") = "Unity.2D.Psdimporter.Editor", "Unity.2D.Psdimporter.Editor.csproj", "{51ED74B7-3726-B1ED-D452-81C994858804}"
EndProject
Project("{FAE04EC0-301F-11D3-BF4B-00C04F79EFBC}") = "Unity.2D.Animation.Editor", "Unity.2D.Animation.Editor.csproj", "{34437920-F44E-5211-295B-7D79B5152711}"
EndProject
Project("{FAE04EC0-301F-11D3-BF4B-00C04F79EFBC}") = "Unity.TextMeshPro.Editor", "Unity.TextMeshPro.Editor.csproj", "{34210695-1163-5687-CFE8-1C22A10F3ACE}"
EndProject
Project("{FAE04EC0-301F-11D3-BF4B-00C04F79EFBC}") = "Unity.2D.SpriteShape.Editor", "Unity.2D.SpriteShape.Editor.csproj", "{FCEAAA57-D9C8-5A6D-C21C-0F04FCE4D182}"
EndProject
Project("{FAE04EC0-301F-11D3-BF4B-00C04F79EFBC}") = "Unity.CollabProxy.Editor", "Unity.CollabProxy.Editor.csproj", "{55666359-AC30-F9E7-5024-35D0BDFAD878}"
EndProject
Project("{FAE04EC0-301F-11D3-BF4B-00C04F79EFBC}") = "PsdPlugin", "PsdPlugin.csproj", "{2D0E5950-8C99-49E1-C6AA-F682E12FAAFC}"
EndProject
Project("{FAE04EC0-301F-11D3-BF4B-00C04F79EFBC}") = "Unity.2D.Path.Editor", "Unity.2D.Path.Editor.csproj", "{194A2155-02D7-9B34-1BEF-2DCB6C1699A3}"
EndProject
Project("{FAE04EC0-301F-11D3-BF4B-00C04F79EFBC}") = "Unity.Rider.Editor", "Unity.Rider.Editor.csproj", "{456094E5-3548-54AE-ADF7-99ABA71F73EF}"
EndProject
Project("{FAE04EC0-301F-11D3-BF4B-00C04F79EFBC}") = "Unity.2D.IK.Editor", "Unity.2D.IK.Editor.csproj", "{DF0F8790-6C72-FD3D-C54F-6ADDC494446C}"
EndProject
Project("{FAE04EC0-301F-11D3-BF4B-00C04F79EFBC}") = "Unity.2D.Sprite.Editor", "Unity.2D.Sprite.Editor.csproj", "{D1B33B1A-E3AC-88F4-DE8C-D7B1C9687ECA}"
EndProject
Project("{FAE04EC0-301F-11D3-BF4B-00C04F79EFBC}") = "Unity.2D.Tilemap.Editor", "Unity.2D.Tilemap.Editor.csproj", "{6DA9D8FB-3DC2-2316-6760-592EA11369D7}"
EndProject
Project("{FAE04EC0-301F-11D3-BF4B-00C04F79EFBC}") = "Unity.2D.PixelPerfect.Editor", "Unity.2D.PixelPerfect.Editor.csproj", "{F95C96BE-C8BC-F133-E05C-3BCE65F6483C}"
EndProject
Project("{FAE04EC0-301F-11D3-BF4B-00C04F79EFBC}") = "Unity.VSCode.Editor", "Unity.VSCode.Editor.csproj", "{429A99FA-9828-A65E-3C36-0DAD2CDC109F}"
EndProject
Project("{FAE04EC0-301F-11D3-BF4B-00C04F79EFBC}") = "Unity.2D.Common.Editor", "Unity.2D.Common.Editor.csproj", "{2E5B68F9-D5D1-0CA2-731F-407741F8D94A}"
EndProject
Project("{FAE04EC0-301F-11D3-BF4B-00C04F79EFBC}") = "Unity.Mathematics.Editor", "Unity.Mathematics.Editor.csproj", "{F90663D6-6667-BF3E-9296-A0216F2E67E5}"
EndProject
Project("{FAE04EC0-301F-11D3-BF4B-00C04F79EFBC}") = "Unity.InternalAPIEditorBridge.001", "Unity.InternalAPIEditorBridge.001.csproj", "{A58B72C1-3727-92A1-A359-4F7238D04081}"
EndProject
Project("{FAE04EC0-301F-11D3-BF4B-00C04F79EFBC}") = "UnityEngine.TestRunner", "UnityEngine.TestRunner.Player.csproj", "{D1C87226-5EC6-4936-9794-650912F5F082}"
EndProject
Project("{FAE04EC0-301F-11D3-BF4B-00C04F79EFBC}") = "Unity.Mathematics", "Unity.Mathematics.Player.csproj", "{BF862EE5-4279-C51D-B302-382EDCCE989B}"
EndProject
Project("{FAE04EC0-301F-11D3-BF4B-00C04F79EFBC}") = "Unity.2D.Animation.Triangle.Runtime", "Unity.2D.Animation.Triangle.Runtime.Player.csproj", "{9A05315F-3BBC-97A2-B35B-0A29C5BE7DB9}"
EndProject
Project("{FAE04EC0-301F-11D3-BF4B-00C04F79EFBC}") = "Unity.Timeline", "Unity.Timeline.Player.csproj", "{8E6BFFD3-019E-CC23-053B-607608DA45F1}"
EndProject
Project("{FAE04EC0-301F-11D3-BF4B-00C04F79EFBC}") = "UnityEngine.UI", "UnityEngine.UI.Player.csproj", "{6CAC6908-7D71-5217-BE01-9D9BED558417}"
EndProject
Project("{FAE04EC0-301F-11D3-BF4B-00C04F79EFBC}") = "Unity.TextMeshPro", "Unity.TextMeshPro.Player.csproj", "{A0D6D188-EB7D-1EC9-E18B-0668DE590E1C}"
EndProject
Project("{FAE04EC0-301F-11D3-BF4B-00C04F79EFBC}") = "Unity.2D.Animation.Runtime", "Unity.2D.Animation.Runtime.Player.csproj", "{1308B360-692D-6802-18C5-84152E8CC86D}"
EndProject
Project("{FAE04EC0-301F-11D3-BF4B-00C04F79EFBC}") = "Unity.2D.IK.Runtime", "Unity.2D.IK.Runtime.Player.csproj", "{E8849D76-17D6-C20D-0CDB-B9BE702E3672}"
EndProject
Project("{FAE04EC0-301F-11D3-BF4B-00C04F79EFBC}") = "Unity.2D.SpriteShape.Runtime", "Unity.2D.SpriteShape.Runtime.Player.csproj", "{449B3E7E-2ADF-448D-DAD8-A980BDE6F054}"
EndProject
Project("{FAE04EC0-301F-11D3-BF4B-00C04F79EFBC}") = "Assembly-CSharp", "Assembly-CSharp.Player.csproj", "{5CCEDFA6-F0F1-8EAD-46D3-BADC32A72CE4}"
EndProject
Project("{FAE04EC0-301F-11D3-BF4B-00C04F79EFBC}") = "Unity.2D.PixelPerfect", "Unity.2D.PixelPerfect.Player.csproj", "{FCDDB100-7170-2F3B-A7CB-9C2CD3594E42}"
EndProject
Project("{FAE04EC0-301F-11D3-BF4B-00C04F79EFBC}") = "Unity.2D.Common.Runtime", "Unity.2D.Common.Runtime.Player.csproj", "{368415B2-6664-720F-1666-CCCB41D57900}"
EndProject
Project("{FAE04EC0-301F-11D3-BF4B-00C04F79EFBC}") = "Unity.InternalAPIEngineBridge.001", "Unity.InternalAPIEngineBridge.001.Player.csproj", "{29A69C85-C7C8-8934-A72E-F546B8DCEA04}"
EndProject
Global
	GlobalSection(SolutionConfigurationPlatforms) = preSolution
		Debug|Any CPU = Debug|Any CPU
		Release|Any CPU = Release|Any CPU
	EndGlobalSection
	GlobalSection(ProjectConfigurationPlatforms) = postSolution
		{E2BCC782-89A9-2B02-F5AD-E4514473030C}.Debug|Any CPU.ActiveCfg = Debug|Any CPU
		{E2BCC782-89A9-2B02-F5AD-E4514473030C}.Debug|Any CPU.Build.0 = Debug|Any CPU
		{E2BCC782-89A9-2B02-F5AD-E4514473030C}.Release|Any CPU.ActiveCfg = Release|Any CPU
		{E2BCC782-89A9-2B02-F5AD-E4514473030C}.Release|Any CPU.Build.0 = Release|Any CPU
		{BEB3D6B3-69C7-5DCC-9604-047A9F979916}.Debug|Any CPU.ActiveCfg = Debug|Any CPU
		{BEB3D6B3-69C7-5DCC-9604-047A9F979916}.Debug|Any CPU.Build.0 = Debug|Any CPU
		{BEB3D6B3-69C7-5DCC-9604-047A9F979916}.Release|Any CPU.ActiveCfg = Release|Any CPU
		{BEB3D6B3-69C7-5DCC-9604-047A9F979916}.Release|Any CPU.Build.0 = Release|Any CPU
		{02259C55-D7C2-E675-D5FA-0A5A1EE1FC79}.Debug|Any CPU.ActiveCfg = Debug|Any CPU
		{02259C55-D7C2-E675-D5FA-0A5A1EE1FC79}.Debug|Any CPU.Build.0 = Debug|Any CPU
		{02259C55-D7C2-E675-D5FA-0A5A1EE1FC79}.Release|Any CPU.ActiveCfg = Release|Any CPU
		{02259C55-D7C2-E675-D5FA-0A5A1EE1FC79}.Release|Any CPU.Build.0 = Release|Any CPU
		{7DA55613-A328-F47D-F2FB-6E040588F1AB}.Debug|Any CPU.ActiveCfg = Debug|Any CPU
		{7DA55613-A328-F47D-F2FB-6E040588F1AB}.Debug|Any CPU.Build.0 = Debug|Any CPU
		{7DA55613-A328-F47D-F2FB-6E040588F1AB}.Release|Any CPU.ActiveCfg = Release|Any CPU
		{7DA55613-A328-F47D-F2FB-6E040588F1AB}.Release|Any CPU.Build.0 = Release|Any CPU
		{8BBAE849-88E1-5CDC-B64D-71784D2F072C}.Debug|Any CPU.ActiveCfg = Debug|Any CPU
		{8BBAE849-88E1-5CDC-B64D-71784D2F072C}.Debug|Any CPU.Build.0 = Debug|Any CPU
		{8BBAE849-88E1-5CDC-B64D-71784D2F072C}.Release|Any CPU.ActiveCfg = Release|Any CPU
		{8BBAE849-88E1-5CDC-B64D-71784D2F072C}.Release|Any CPU.Build.0 = Release|Any CPU
		{F74F99A3-22C5-98FE-2F16-BC6117FA2D19}.Debug|Any CPU.ActiveCfg = Debug|Any CPU
		{F74F99A3-22C5-98FE-2F16-BC6117FA2D19}.Debug|Any CPU.Build.0 = Debug|Any CPU
		{F74F99A3-22C5-98FE-2F16-BC6117FA2D19}.Release|Any CPU.ActiveCfg = Release|Any CPU
		{F74F99A3-22C5-98FE-2F16-BC6117FA2D19}.Release|Any CPU.Build.0 = Release|Any CPU
		{39204C4D-AE35-1A25-F59D-9787AC135714}.Debug|Any CPU.ActiveCfg = Debug|Any CPU
		{39204C4D-AE35-1A25-F59D-9787AC135714}.Debug|Any CPU.Build.0 = Debug|Any CPU
		{39204C4D-AE35-1A25-F59D-9787AC135714}.Release|Any CPU.ActiveCfg = Release|Any CPU
		{39204C4D-AE35-1A25-F59D-9787AC135714}.Release|Any CPU.Build.0 = Release|Any CPU
		{662753A8-825B-30AB-EF00-CDAC4C0D9983}.Debug|Any CPU.ActiveCfg = Debug|Any CPU
		{662753A8-825B-30AB-EF00-CDAC4C0D9983}.Debug|Any CPU.Build.0 = Debug|Any CPU
		{662753A8-825B-30AB-EF00-CDAC4C0D9983}.Release|Any CPU.ActiveCfg = Release|Any CPU
		{662753A8-825B-30AB-EF00-CDAC4C0D9983}.Release|Any CPU.Build.0 = Release|Any CPU
		{B3E82ACC-CBDC-3313-722B-A3EC5983F019}.Debug|Any CPU.ActiveCfg = Debug|Any CPU
		{B3E82ACC-CBDC-3313-722B-A3EC5983F019}.Debug|Any CPU.Build.0 = Debug|Any CPU
		{B3E82ACC-CBDC-3313-722B-A3EC5983F019}.Release|Any CPU.ActiveCfg = Release|Any CPU
		{B3E82ACC-CBDC-3313-722B-A3EC5983F019}.Release|Any CPU.Build.0 = Release|Any CPU
		{332B5DEE-9B6E-A78A-E151-DC05CF9196D0}.Debug|Any CPU.ActiveCfg = Debug|Any CPU
		{332B5DEE-9B6E-A78A-E151-DC05CF9196D0}.Debug|Any CPU.Build.0 = Debug|Any CPU
		{332B5DEE-9B6E-A78A-E151-DC05CF9196D0}.Release|Any CPU.ActiveCfg = Release|Any CPU
		{332B5DEE-9B6E-A78A-E151-DC05CF9196D0}.Release|Any CPU.Build.0 = Release|Any CPU
		{9A0015DF-43BD-758E-0589-519E0085A487}.Debug|Any CPU.ActiveCfg = Debug|Any CPU
		{9A0015DF-43BD-758E-0589-519E0085A487}.Debug|Any CPU.Build.0 = Debug|Any CPU
		{9A0015DF-43BD-758E-0589-519E0085A487}.Release|Any CPU.ActiveCfg = Release|Any CPU
		{9A0015DF-43BD-758E-0589-519E0085A487}.Release|Any CPU.Build.0 = Release|Any CPU
		{F380F403-E559-2195-5DEC-B5CFC6A7363B}.Debug|Any CPU.ActiveCfg = Debug|Any CPU
		{F380F403-E559-2195-5DEC-B5CFC6A7363B}.Debug|Any CPU.Build.0 = Debug|Any CPU
		{F380F403-E559-2195-5DEC-B5CFC6A7363B}.Release|Any CPU.ActiveCfg = Release|Any CPU
		{F380F403-E559-2195-5DEC-B5CFC6A7363B}.Release|Any CPU.Build.0 = Release|Any CPU
		{4E925134-109B-4939-AE79-973BB0146BBC}.Debug|Any CPU.ActiveCfg = Debug|Any CPU
		{4E925134-109B-4939-AE79-973BB0146BBC}.Debug|Any CPU.Build.0 = Debug|Any CPU
		{4E925134-109B-4939-AE79-973BB0146BBC}.Release|Any CPU.ActiveCfg = Release|Any CPU
		{4E925134-109B-4939-AE79-973BB0146BBC}.Release|Any CPU.Build.0 = Release|Any CPU
		{96F52EE5-D818-C83F-8FE1-A4272BC53EE9}.Debug|Any CPU.ActiveCfg = Debug|Any CPU
		{96F52EE5-D818-C83F-8FE1-A4272BC53EE9}.Debug|Any CPU.Build.0 = Debug|Any CPU
		{96F52EE5-D818-C83F-8FE1-A4272BC53EE9}.Release|Any CPU.ActiveCfg = Release|Any CPU
		{96F52EE5-D818-C83F-8FE1-A4272BC53EE9}.Release|Any CPU.Build.0 = Release|Any CPU
		{BC0C7E3F-CC88-4CC5-063A-B671EC774B47}.Debug|Any CPU.ActiveCfg = Debug|Any CPU
		{BC0C7E3F-CC88-4CC5-063A-B671EC774B47}.Debug|Any CPU.Build.0 = Debug|Any CPU
		{BC0C7E3F-CC88-4CC5-063A-B671EC774B47}.Release|Any CPU.ActiveCfg = Release|Any CPU
		{BC0C7E3F-CC88-4CC5-063A-B671EC774B47}.Release|Any CPU.Build.0 = Release|Any CPU
		{F6602800-C39A-A27F-83DE-19BA5996CA85}.Debug|Any CPU.ActiveCfg = Debug|Any CPU
		{F6602800-C39A-A27F-83DE-19BA5996CA85}.Debug|Any CPU.Build.0 = Debug|Any CPU
		{F6602800-C39A-A27F-83DE-19BA5996CA85}.Release|Any CPU.ActiveCfg = Release|Any CPU
		{F6602800-C39A-A27F-83DE-19BA5996CA85}.Release|Any CPU.Build.0 = Release|Any CPU
		{BAA2636A-4C16-4A73-0267-5F51B223A659}.Debug|Any CPU.ActiveCfg = Debug|Any CPU
		{BAA2636A-4C16-4A73-0267-5F51B223A659}.Debug|Any CPU.Build.0 = Debug|Any CPU
		{BAA2636A-4C16-4A73-0267-5F51B223A659}.Release|Any CPU.ActiveCfg = Release|Any CPU
		{BAA2636A-4C16-4A73-0267-5F51B223A659}.Release|Any CPU.Build.0 = Release|Any CPU
		{6544452F-34BC-4EF8-585C-D46C47E6E076}.Debug|Any CPU.ActiveCfg = Debug|Any CPU
		{6544452F-34BC-4EF8-585C-D46C47E6E076}.Debug|Any CPU.Build.0 = Debug|Any CPU
		{6544452F-34BC-4EF8-585C-D46C47E6E076}.Release|Any CPU.ActiveCfg = Release|Any CPU
		{6544452F-34BC-4EF8-585C-D46C47E6E076}.Release|Any CPU.Build.0 = Release|Any CPU
		{3F6AEE50-98AE-1C3C-B00D-F2117DA7F0B1}.Debug|Any CPU.ActiveCfg = Debug|Any CPU
		{3F6AEE50-98AE-1C3C-B00D-F2117DA7F0B1}.Debug|Any CPU.Build.0 = Debug|Any CPU
		{3F6AEE50-98AE-1C3C-B00D-F2117DA7F0B1}.Release|Any CPU.ActiveCfg = Release|Any CPU
		{3F6AEE50-98AE-1C3C-B00D-F2117DA7F0B1}.Release|Any CPU.Build.0 = Release|Any CPU
		{51ED74B7-3726-B1ED-D452-81C994858804}.Debug|Any CPU.ActiveCfg = Debug|Any CPU
		{51ED74B7-3726-B1ED-D452-81C994858804}.Debug|Any CPU.Build.0 = Debug|Any CPU
		{51ED74B7-3726-B1ED-D452-81C994858804}.Release|Any CPU.ActiveCfg = Release|Any CPU
		{51ED74B7-3726-B1ED-D452-81C994858804}.Release|Any CPU.Build.0 = Release|Any CPU
		{34437920-F44E-5211-295B-7D79B5152711}.Debug|Any CPU.ActiveCfg = Debug|Any CPU
		{34437920-F44E-5211-295B-7D79B5152711}.Debug|Any CPU.Build.0 = Debug|Any CPU
		{34437920-F44E-5211-295B-7D79B5152711}.Release|Any CPU.ActiveCfg = Release|Any CPU
		{34437920-F44E-5211-295B-7D79B5152711}.Release|Any CPU.Build.0 = Release|Any CPU
		{34210695-1163-5687-CFE8-1C22A10F3ACE}.Debug|Any CPU.ActiveCfg = Debug|Any CPU
		{34210695-1163-5687-CFE8-1C22A10F3ACE}.Debug|Any CPU.Build.0 = Debug|Any CPU
		{34210695-1163-5687-CFE8-1C22A10F3ACE}.Release|Any CPU.ActiveCfg = Release|Any CPU
		{34210695-1163-5687-CFE8-1C22A10F3ACE}.Release|Any CPU.Build.0 = Release|Any CPU
		{FCEAAA57-D9C8-5A6D-C21C-0F04FCE4D182}.Debug|Any CPU.ActiveCfg = Debug|Any CPU
		{FCEAAA57-D9C8-5A6D-C21C-0F04FCE4D182}.Debug|Any CPU.Build.0 = Debug|Any CPU
		{FCEAAA57-D9C8-5A6D-C21C-0F04FCE4D182}.Release|Any CPU.ActiveCfg = Release|Any CPU
		{FCEAAA57-D9C8-5A6D-C21C-0F04FCE4D182}.Release|Any CPU.Build.0 = Release|Any CPU
		{55666359-AC30-F9E7-5024-35D0BDFAD878}.Debug|Any CPU.ActiveCfg = Debug|Any CPU
		{55666359-AC30-F9E7-5024-35D0BDFAD878}.Debug|Any CPU.Build.0 = Debug|Any CPU
		{55666359-AC30-F9E7-5024-35D0BDFAD878}.Release|Any CPU.ActiveCfg = Release|Any CPU
		{55666359-AC30-F9E7-5024-35D0BDFAD878}.Release|Any CPU.Build.0 = Release|Any CPU
		{2D0E5950-8C99-49E1-C6AA-F682E12FAAFC}.Debug|Any CPU.ActiveCfg = Debug|Any CPU
		{2D0E5950-8C99-49E1-C6AA-F682E12FAAFC}.Debug|Any CPU.Build.0 = Debug|Any CPU
		{2D0E5950-8C99-49E1-C6AA-F682E12FAAFC}.Release|Any CPU.ActiveCfg = Release|Any CPU
		{2D0E5950-8C99-49E1-C6AA-F682E12FAAFC}.Release|Any CPU.Build.0 = Release|Any CPU
		{194A2155-02D7-9B34-1BEF-2DCB6C1699A3}.Debug|Any CPU.ActiveCfg = Debug|Any CPU
		{194A2155-02D7-9B34-1BEF-2DCB6C1699A3}.Debug|Any CPU.Build.0 = Debug|Any CPU
		{194A2155-02D7-9B34-1BEF-2DCB6C1699A3}.Release|Any CPU.ActiveCfg = Release|Any CPU
		{194A2155-02D7-9B34-1BEF-2DCB6C1699A3}.Release|Any CPU.Build.0 = Release|Any CPU
		{456094E5-3548-54AE-ADF7-99ABA71F73EF}.Debug|Any CPU.ActiveCfg = Debug|Any CPU
		{456094E5-3548-54AE-ADF7-99ABA71F73EF}.Debug|Any CPU.Build.0 = Debug|Any CPU
		{456094E5-3548-54AE-ADF7-99ABA71F73EF}.Release|Any CPU.ActiveCfg = Release|Any CPU
		{456094E5-3548-54AE-ADF7-99ABA71F73EF}.Release|Any CPU.Build.0 = Release|Any CPU
		{DF0F8790-6C72-FD3D-C54F-6ADDC494446C}.Debug|Any CPU.ActiveCfg = Debug|Any CPU
		{DF0F8790-6C72-FD3D-C54F-6ADDC494446C}.Debug|Any CPU.Build.0 = Debug|Any CPU
		{DF0F8790-6C72-FD3D-C54F-6ADDC494446C}.Release|Any CPU.ActiveCfg = Release|Any CPU
		{DF0F8790-6C72-FD3D-C54F-6ADDC494446C}.Release|Any CPU.Build.0 = Release|Any CPU
		{D1B33B1A-E3AC-88F4-DE8C-D7B1C9687ECA}.Debug|Any CPU.ActiveCfg = Debug|Any CPU
		{D1B33B1A-E3AC-88F4-DE8C-D7B1C9687ECA}.Debug|Any CPU.Build.0 = Debug|Any CPU
		{D1B33B1A-E3AC-88F4-DE8C-D7B1C9687ECA}.Release|Any CPU.ActiveCfg = Release|Any CPU
		{D1B33B1A-E3AC-88F4-DE8C-D7B1C9687ECA}.Release|Any CPU.Build.0 = Release|Any CPU
		{6DA9D8FB-3DC2-2316-6760-592EA11369D7}.Debug|Any CPU.ActiveCfg = Debug|Any CPU
		{6DA9D8FB-3DC2-2316-6760-592EA11369D7}.Debug|Any CPU.Build.0 = Debug|Any CPU
		{6DA9D8FB-3DC2-2316-6760-592EA11369D7}.Release|Any CPU.ActiveCfg = Release|Any CPU
		{6DA9D8FB-3DC2-2316-6760-592EA11369D7}.Release|Any CPU.Build.0 = Release|Any CPU
		{F95C96BE-C8BC-F133-E05C-3BCE65F6483C}.Debug|Any CPU.ActiveCfg = Debug|Any CPU
		{F95C96BE-C8BC-F133-E05C-3BCE65F6483C}.Debug|Any CPU.Build.0 = Debug|Any CPU
		{F95C96BE-C8BC-F133-E05C-3BCE65F6483C}.Release|Any CPU.ActiveCfg = Release|Any CPU
		{F95C96BE-C8BC-F133-E05C-3BCE65F6483C}.Release|Any CPU.Build.0 = Release|Any CPU
		{429A99FA-9828-A65E-3C36-0DAD2CDC109F}.Debug|Any CPU.ActiveCfg = Debug|Any CPU
		{429A99FA-9828-A65E-3C36-0DAD2CDC109F}.Debug|Any CPU.Build.0 = Debug|Any CPU
		{429A99FA-9828-A65E-3C36-0DAD2CDC109F}.Release|Any CPU.ActiveCfg = Release|Any CPU
		{429A99FA-9828-A65E-3C36-0DAD2CDC109F}.Release|Any CPU.Build.0 = Release|Any CPU
		{2E5B68F9-D5D1-0CA2-731F-407741F8D94A}.Debug|Any CPU.ActiveCfg = Debug|Any CPU
		{2E5B68F9-D5D1-0CA2-731F-407741F8D94A}.Debug|Any CPU.Build.0 = Debug|Any CPU
		{2E5B68F9-D5D1-0CA2-731F-407741F8D94A}.Release|Any CPU.ActiveCfg = Release|Any CPU
		{2E5B68F9-D5D1-0CA2-731F-407741F8D94A}.Release|Any CPU.Build.0 = Release|Any CPU
		{F90663D6-6667-BF3E-9296-A0216F2E67E5}.Debug|Any CPU.ActiveCfg = Debug|Any CPU
		{F90663D6-6667-BF3E-9296-A0216F2E67E5}.Debug|Any CPU.Build.0 = Debug|Any CPU
		{F90663D6-6667-BF3E-9296-A0216F2E67E5}.Release|Any CPU.ActiveCfg = Release|Any CPU
		{F90663D6-6667-BF3E-9296-A0216F2E67E5}.Release|Any CPU.Build.0 = Release|Any CPU
		{A58B72C1-3727-92A1-A359-4F7238D04081}.Debug|Any CPU.ActiveCfg = Debug|Any CPU
		{A58B72C1-3727-92A1-A359-4F7238D04081}.Debug|Any CPU.Build.0 = Debug|Any CPU
		{A58B72C1-3727-92A1-A359-4F7238D04081}.Release|Any CPU.ActiveCfg = Release|Any CPU
		{A58B72C1-3727-92A1-A359-4F7238D04081}.Release|Any CPU.Build.0 = Release|Any CPU
		{D1C87226-5EC6-4936-9794-650912F5F082}.Debug|Any CPU.ActiveCfg = Debug|Any CPU
		{D1C87226-5EC6-4936-9794-650912F5F082}.Debug|Any CPU.Build.0 = Debug|Any CPU
		{D1C87226-5EC6-4936-9794-650912F5F082}.Release|Any CPU.ActiveCfg = Release|Any CPU
		{D1C87226-5EC6-4936-9794-650912F5F082}.Release|Any CPU.Build.0 = Release|Any CPU
		{BF862EE5-4279-C51D-B302-382EDCCE989B}.Debug|Any CPU.ActiveCfg = Debug|Any CPU
		{BF862EE5-4279-C51D-B302-382EDCCE989B}.Debug|Any CPU.Build.0 = Debug|Any CPU
		{BF862EE5-4279-C51D-B302-382EDCCE989B}.Release|Any CPU.ActiveCfg = Release|Any CPU
		{BF862EE5-4279-C51D-B302-382EDCCE989B}.Release|Any CPU.Build.0 = Release|Any CPU
		{9A05315F-3BBC-97A2-B35B-0A29C5BE7DB9}.Debug|Any CPU.ActiveCfg = Debug|Any CPU
		{9A05315F-3BBC-97A2-B35B-0A29C5BE7DB9}.Debug|Any CPU.Build.0 = Debug|Any CPU
		{9A05315F-3BBC-97A2-B35B-0A29C5BE7DB9}.Release|Any CPU.ActiveCfg = Release|Any CPU
		{9A05315F-3BBC-97A2-B35B-0A29C5BE7DB9}.Release|Any CPU.Build.0 = Release|Any CPU
		{8E6BFFD3-019E-CC23-053B-607608DA45F1}.Debug|Any CPU.ActiveCfg = Debug|Any CPU
		{8E6BFFD3-019E-CC23-053B-607608DA45F1}.Debug|Any CPU.Build.0 = Debug|Any CPU
		{8E6BFFD3-019E-CC23-053B-607608DA45F1}.Release|Any CPU.ActiveCfg = Release|Any CPU
		{8E6BFFD3-019E-CC23-053B-607608DA45F1}.Release|Any CPU.Build.0 = Release|Any CPU
		{6CAC6908-7D71-5217-BE01-9D9BED558417}.Debug|Any CPU.ActiveCfg = Debug|Any CPU
		{6CAC6908-7D71-5217-BE01-9D9BED558417}.Debug|Any CPU.Build.0 = Debug|Any CPU
		{6CAC6908-7D71-5217-BE01-9D9BED558417}.Release|Any CPU.ActiveCfg = Release|Any CPU
		{6CAC6908-7D71-5217-BE01-9D9BED558417}.Release|Any CPU.Build.0 = Release|Any CPU
		{A0D6D188-EB7D-1EC9-E18B-0668DE590E1C}.Debug|Any CPU.ActiveCfg = Debug|Any CPU
		{A0D6D188-EB7D-1EC9-E18B-0668DE590E1C}.Debug|Any CPU.Build.0 = Debug|Any CPU
		{A0D6D188-EB7D-1EC9-E18B-0668DE590E1C}.Release|Any CPU.ActiveCfg = Release|Any CPU
		{A0D6D188-EB7D-1EC9-E18B-0668DE590E1C}.Release|Any CPU.Build.0 = Release|Any CPU
		{1308B360-692D-6802-18C5-84152E8CC86D}.Debug|Any CPU.ActiveCfg = Debug|Any CPU
		{1308B360-692D-6802-18C5-84152E8CC86D}.Debug|Any CPU.Build.0 = Debug|Any CPU
		{1308B360-692D-6802-18C5-84152E8CC86D}.Release|Any CPU.ActiveCfg = Release|Any CPU
		{1308B360-692D-6802-18C5-84152E8CC86D}.Release|Any CPU.Build.0 = Release|Any CPU
		{E8849D76-17D6-C20D-0CDB-B9BE702E3672}.Debug|Any CPU.ActiveCfg = Debug|Any CPU
		{E8849D76-17D6-C20D-0CDB-B9BE702E3672}.Debug|Any CPU.Build.0 = Debug|Any CPU
		{E8849D76-17D6-C20D-0CDB-B9BE702E3672}.Release|Any CPU.ActiveCfg = Release|Any CPU
		{E8849D76-17D6-C20D-0CDB-B9BE702E3672}.Release|Any CPU.Build.0 = Release|Any CPU
		{449B3E7E-2ADF-448D-DAD8-A980BDE6F054}.Debug|Any CPU.ActiveCfg = Debug|Any CPU
		{449B3E7E-2ADF-448D-DAD8-A980BDE6F054}.Debug|Any CPU.Build.0 = Debug|Any CPU
		{449B3E7E-2ADF-448D-DAD8-A980BDE6F054}.Release|Any CPU.ActiveCfg = Release|Any CPU
		{449B3E7E-2ADF-448D-DAD8-A980BDE6F054}.Release|Any CPU.Build.0 = Release|Any CPU
		{5CCEDFA6-F0F1-8EAD-46D3-BADC32A72CE4}.Debug|Any CPU.ActiveCfg = Debug|Any CPU
		{5CCEDFA6-F0F1-8EAD-46D3-BADC32A72CE4}.Debug|Any CPU.Build.0 = Debug|Any CPU
		{5CCEDFA6-F0F1-8EAD-46D3-BADC32A72CE4}.Release|Any CPU.ActiveCfg = Release|Any CPU
		{5CCEDFA6-F0F1-8EAD-46D3-BADC32A72CE4}.Release|Any CPU.Build.0 = Release|Any CPU
		{FCDDB100-7170-2F3B-A7CB-9C2CD3594E42}.Debug|Any CPU.ActiveCfg = Debug|Any CPU
		{FCDDB100-7170-2F3B-A7CB-9C2CD3594E42}.Debug|Any CPU.Build.0 = Debug|Any CPU
		{FCDDB100-7170-2F3B-A7CB-9C2CD3594E42}.Release|Any CPU.ActiveCfg = Release|Any CPU
		{FCDDB100-7170-2F3B-A7CB-9C2CD3594E42}.Release|Any CPU.Build.0 = Release|Any CPU
		{368415B2-6664-720F-1666-CCCB41D57900}.Debug|Any CPU.ActiveCfg = Debug|Any CPU
		{368415B2-6664-720F-1666-CCCB41D57900}.Debug|Any CPU.Build.0 = Debug|Any CPU
		{368415B2-6664-720F-1666-CCCB41D57900}.Release|Any CPU.ActiveCfg = Release|Any CPU
		{368415B2-6664-720F-1666-CCCB41D57900}.Release|Any CPU.Build.0 = Release|Any CPU
		{29A69C85-C7C8-8934-A72E-F546B8DCEA04}.Debug|Any CPU.ActiveCfg = Debug|Any CPU
		{29A69C85-C7C8-8934-A72E-F546B8DCEA04}.Debug|Any CPU.Build.0 = Debug|Any CPU
		{29A69C85-C7C8-8934-A72E-F546B8DCEA04}.Release|Any CPU.ActiveCfg = Release|Any CPU
		{29A69C85-C7C8-8934-A72E-F546B8DCEA04}.Release|Any CPU.Build.0 = Release|Any CPU
	EndGlobalSection
	GlobalSection(SolutionProperties) = preSolution
		HideSolutionNode = FALSE
	EndGlobalSection
EndGlobal
